
Microsoft Visual Studio Solution File, Format Version 12.00
# Visual Studio Version 17
VisualStudioVersion = 17.14.36717.8 d17.14
MinimumVisualStudioVersion = 10.0.40219.1
Project("{FAE04EC0-301F-11D3-BF4B-00C04F79EFBC}") = "Lakka_Mobilya_Web.Server", "Server\Lakka_Mobilya_Web.Server.csproj", "{F055D7B2-84F8-48D8-94D9-EE6333A66F26}"
EndProject
Project("{FAE04EC0-301F-11D3-BF4B-00C04F79EFBC}") = "Lakka_Mobilya_Web.Client", "Client\Lakka_Mobilya_Web.Client.csproj", "{F03FB5CF-94D5-44E4-8D5F-741E23AA5FDC}"
EndProject
Project("{FAE04EC0-301F-11D3-BF4B-00C04F79EFBC}") = "Lakka_Mobilya_Web.Shared", "Shared\Lakka_Mobilya_Web.Shared.csproj", "{C04AE098-4DB6-4694-9B98-17AC0D077377}"
EndProject
Global
	GlobalSection(SolutionConfigurationPlatforms) = preSolution
		Debug|Any CPU = Debug|Any CPU
		Release|Any CPU = Release|Any CPU
	EndGlobalSection
	GlobalSection(ProjectConfigurationPlatforms) = postSolution
		{F055D7B2-84F8-48D8-94D9-EE6333A66F26}.Debug|Any CPU.ActiveCfg = Debug|Any CPU
		{F055D7B2-84F8-48D8-94D9-EE6333A66F26}.Debug|Any CPU.Build.0 = Debug|Any CPU
		{F055D7B2-84F8-48D8-94D9-EE6333A66F26}.Release|Any CPU.ActiveCfg = Release|Any CPU
		{F055D7B2-84F8-48D8-94D9-EE6333A66F26}.Release|Any CPU.Build.0 = Release|Any CPU
		{F03FB5CF-94D5-44E4-8D5F-741E23AA5FDC}.Debug|Any CPU.ActiveCfg = Debug|Any CPU
		{F03FB5CF-94D5-44E4-8D5F-741E23AA5FDC}.Debug|Any CPU.Build.0 = Debug|Any CPU
		{F03FB5CF-94D5-44E4-8D5F-741E23AA5FDC}.Release|Any CPU.ActiveCfg = Release|Any CPU
		{F03FB5CF-94D5-44E4-8D5F-741E23AA5FDC}.Release|Any CPU.Build.0 = Release|Any CPU
		{C04AE098-4DB6-4694-9B98-17AC0D077377}.Debug|Any CPU.ActiveCfg = Debug|Any CPU
		{C04AE098-4DB6-4694-9B98-17AC0D077377}.Debug|Any CPU.Build.0 = Debug|Any CPU
		{C04AE098-4DB6-4694-9B98-17AC0D077377}.Release|Any CPU.ActiveCfg = Release|Any CPU
		{C04AE098-4DB6-4694-9B98-17AC0D077377}.Release|Any CPU.Build.0 = Release|Any CPU
	EndGlobalSection
	GlobalSection(SolutionProperties) = preSolution
		HideSolutionNode = FALSE
	EndGlobalSection
	GlobalSection(ExtensibilityGlobals) = postSolution
		SolutionGuid = {028AFD53-32D3-4623-BD49-47F8C334DB6A}
	EndGlobalSection
EndGlobal
